// !$*UTF8*$!
{
	archiveVersion = 1;
	classes = {
	};
	objectVersion = 48;
	objects = {

/* Begin PBXBuildFile section */
		64C58F2321ACEBA100523D6C /* AppDelegate.m in Sources */ = {isa = PBXBuildFile; fileRef = 64C58F2221ACEBA100523D6C /* AppDelegate.m */; };
		64C58F2621ACEBA100523D6C /* ViewController.m in Sources */ = {isa = PBXBuildFile; fileRef = 64C58F2521ACEBA100523D6C /* ViewController.m */; };
		64C58F2921ACEBA100523D6C /* Main.storyboard in Resources */ = {isa = PBXBuildFile; fileRef = 64C58F2721ACEBA100523D6C /* Main.storyboard */; };
		64C58F2B21ACEBA100523D6C /* Assets.xcassets in Resources */ = {isa = PBXBuildFile; fileRef = 64C58F2A21ACEBA100523D6C /* Assets.xcassets */; };
		64C58F2E21ACEBA100523D6C /* LaunchScreen.storyboard in Resources */ = {isa = PBXBuildFile; fileRef = 64C58F2C21ACEBA100523D6C /* LaunchScreen.storyboard */; };
		64C58F3121ACEBA100523D6C /* main.m in Sources */ = {isa = PBXBuildFile; fileRef = 64C58F3021ACEBA100523D6C /* main.m */; };
		64C58F3B21ACEBA100523D6C /* jenkinsTestTests.m in Sources */ = {isa = PBXBuildFile; fileRef = 64C58F3A21ACEBA100523D6C /* jenkinsTestTests.m */; };
		64C58F4621ACEBA100523D6C /* jenkinsTestUITests.m in Sources */ = {isa = PBXBuildFile; fileRef = 64C58F4521ACEBA100523D6C /* jenkinsTestUITests.m */; };
		64FACA7B22329885007DF5A3 /* QYViewController.m in Sources */ = {isa = PBXBuildFile; fileRef = 64FACA7A22329885007DF5A3 /* QYViewController.m */; };
		91C7B3A688E1F9B95407223D /* libPods-jenkinsTest.a in Frameworks */ = {isa = PBXBuildFile; fileRef = 0230428FE2E20E60FA62ED71 /* libPods-jenkinsTest.a */; };
/* End PBXBuildFile section */

/* Begin PBXContainerItemProxy section */
		64C58F3721ACEBA100523D6C /* PBXContainerItemProxy */ = {
			isa = PBXContainerItemProxy;
			containerPortal = 64C58F1621ACEBA100523D6C /* Project object */;
			proxyType = 1;
			remoteGlobalIDString = 64C58F1D21ACEBA100523D6C;
			remoteInfo = jenkinsTest;
		};
		64C58F4221ACEBA100523D6C /* PBXContainerItemProxy */ = {
			isa = PBXContainerItemProxy;
			containerPortal = 64C58F1621ACEBA100523D6C /* Project object */;
			proxyType = 1;
			remoteGlobalIDString = 64C58F1D21ACEBA100523D6C;
			remoteInfo = jenkinsTest;
		};
/* End PBXContainerItemProxy section */

/* Begin PBXFileReference section */
		0230428FE2E20E60FA62ED71 /* libPods-jenkinsTest.a */ = {isa = PBXFileReference; explicitFileType = archive.ar; includeInIndex = 0; path = "libPods-jenkinsTest.a"; sourceTree = BUILT_PRODUCTS_DIR; };
		10769F20A6D0BF256F339206 /* Pods-jenkinsTest.debug.xcconfig */ = {isa = PBXFileReference; includeInIndex = 1; lastKnownFileType = text.xcconfig; name = "Pods-jenkinsTest.debug.xcconfig"; path = "Pods/Target Support Files/Pods-jenkinsTest/Pods-jenkinsTest.debug.xcconfig"; sourceTree = "<group>"; };
		64C58F1E21ACEBA100523D6C /* jenkinsTest.app */ = {isa = PBXFileReference; explicitFileType = wrapper.application; includeInIndex = 0; path = jenkinsTest.app; sourceTree = BUILT_PRODUCTS_DIR; };
		64C58F2121ACEBA100523D6C /* AppDelegate.h */ = {isa = PBXFileReference; lastKnownFileType = sourcecode.c.h; path = AppDelegate.h; sourceTree = "<group>"; };
		64C58F2221ACEBA100523D6C /* AppDelegate.m */ = {isa = PBXFileReference; lastKnownFileType = sourcecode.c.objc; path = AppDelegate.m; sourceTree = "<group>"; };
		64C58F2421ACEBA100523D6C /* ViewController.h */ = {isa = PBXFileReference; lastKnownFileType = sourcecode.c.h; path = ViewController.h; sourceTree = "<group>"; };
		64C58F2521ACEBA100523D6C /* ViewController.m */ = {isa = PBXFileReference; lastKnownFileType = sourcecode.c.objc; path = ViewController.m; sourceTree = "<group>"; };
		64C58F2821ACEBA100523D6C /* Base */ = {isa = PBXFileReference; lastKnownFileType = file.storyboard; name = Base; path = Base.lproj/Main.storyboard; sourceTree = "<group>"; };
		64C58F2A21ACEBA100523D6C /* Assets.xcassets */ = {isa = PBXFileReference; lastKnownFileType = folder.assetcatalog; path = Assets.xcassets; sourceTree = "<group>"; };
		64C58F2D21ACEBA100523D6C /* Base */ = {isa = PBXFileReference; lastKnownFileType = file.storyboard; name = Base; path = Base.lproj/LaunchScreen.storyboard; sourceTree = "<group>"; };
		64C58F2F21ACEBA100523D6C /* Info.plist */ = {isa = PBXFileReference; lastKnownFileType = text.plist.xml; path = Info.plist; sourceTree = "<group>"; };
		64C58F3021ACEBA100523D6C /* main.m */ = {isa = PBXFileReference; lastKnownFileType = sourcecode.c.objc; path = main.m; sourceTree = "<group>"; };
		64C58F3621ACEBA100523D6C /* jenkinsTestTests.xctest */ = {isa = PBXFileReference; explicitFileType = wrapper.cfbundle; includeInIndex = 0; path = jenkinsTestTests.xctest; sourceTree = BUILT_PRODUCTS_DIR; };
		64C58F3A21ACEBA100523D6C /* jenkinsTestTests.m */ = {isa = PBXFileReference; lastKnownFileType = sourcecode.c.objc; path = jenkinsTestTests.m; sourceTree = "<group>"; };
		64C58F3C21ACEBA100523D6C /* Info.plist */ = {isa = PBXFileReference; lastKnownFileType = text.plist.xml; path = Info.plist; sourceTree = "<group>"; };
		64C58F4121ACEBA100523D6C /* jenkinsTestUITests.xctest */ = {isa = PBXFileReference; explicitFileType = wrapper.cfbundle; includeInIndex = 0; path = jenkinsTestUITests.xctest; sourceTree = BUILT_PRODUCTS_DIR; };
		64C58F4521ACEBA100523D6C /* jenkinsTestUITests.m */ = {isa = PBXFileReference; lastKnownFileType = sourcecode.c.objc; path = jenkinsTestUITests.m; sourceTree = "<group>"; };
		64C58F4721ACEBA100523D6C /* Info.plist */ = {isa = PBXFileReference; lastKnownFileType = text.plist.xml; path = Info.plist; sourceTree = "<group>"; };
		64FACA7922329885007DF5A3 /* QYViewController.h */ = {isa = PBXFileReference; lastKnownFileType = sourcecode.c.h; path = QYViewController.h; sourceTree = "<group>"; };
		64FACA7A22329885007DF5A3 /* QYViewController.m */ = {isa = PBXFileReference; lastKnownFileType = sourcecode.c.objc; path = QYViewController.m; sourceTree = "<group>"; };
		8C53424838E8891A0407DE2B /* Pods-jenkinsTest.release.xcconfig */ = {isa = PBXFileReference; includeInIndex = 1; lastKnownFileType = text.xcconfig; name = "Pods-jenkinsTest.release.xcconfig"; path = "Pods/Target Support Files/Pods-jenkinsTest/Pods-jenkinsTest.release.xcconfig"; sourceTree = "<group>"; };
/* End PBXFileReference section */

/* Begin PBXFrameworksBuildPhase section */
		64C58F1B21ACEBA100523D6C /* Frameworks */ = {
			isa = PBXFrameworksBuildPhase;
			buildActionMask = 2147483647;
			files = (
				91C7B3A688E1F9B95407223D /* libPods-jenkinsTest.a in Frameworks */,
			);
			runOnlyForDeploymentPostprocessing = 0;
		};
		64C58F3321ACEBA100523D6C /* Frameworks */ = {
			isa = PBXFrameworksBuildPhase;
			buildActionMask = 2147483647;
			files = (
			);
			runOnlyForDeploymentPostprocessing = 0;
		};
		64C58F3E21ACEBA100523D6C /* Frameworks */ = {
			isa = PBXFrameworksBuildPhase;
			buildActionMask = 2147483647;
			files = (
			);
			runOnlyForDeploymentPostprocessing = 0;
		};
/* End PBXFrameworksBuildPhase section */

/* Begin PBXGroup section */
		5641A086F11D3A864DF2E5D3 /* Pods */ = {
			isa = PBXGroup;
			children = (
				10769F20A6D0BF256F339206 /* Pods-jenkinsTest.debug.xcconfig */,
				8C53424838E8891A0407DE2B /* Pods-jenkinsTest.release.xcconfig */,
			);
			name = Pods;
			sourceTree = "<group>";
		};
		64C58F1521ACEBA100523D6C = {
			isa = PBXGroup;
			children = (
				64C58F2021ACEBA100523D6C /* jenkinsTest */,
				64C58F3921ACEBA100523D6C /* jenkinsTestTests */,
				64C58F4421ACEBA100523D6C /* jenkinsTestUITests */,
				64C58F1F21ACEBA100523D6C /* Products */,
				5641A086F11D3A864DF2E5D3 /* Pods */,
				E900F09DC2FF3B30251F2AF2 /* Frameworks */,
			);
			sourceTree = "<group>";
		};
		64C58F1F21ACEBA100523D6C /* Products */ = {
			isa = PBXGroup;
			children = (
				64C58F1E21ACEBA100523D6C /* jenkinsTest.app */,
				64C58F3621ACEBA100523D6C /* jenkinsTestTests.xctest */,
				64C58F4121ACEBA100523D6C /* jenkinsTestUITests.xctest */,
			);
			name = Products;
			sourceTree = "<group>";
		};
		64C58F2021ACEBA100523D6C /* jenkinsTest */ = {
			isa = PBXGroup;
			children = (
				64C58F2121ACEBA100523D6C /* AppDelegate.h */,
				64C58F2221ACEBA100523D6C /* AppDelegate.m */,
				64C58F2421ACEBA100523D6C /* ViewController.h */,
				64C58F2521ACEBA100523D6C /* ViewController.m */,
				64FACA7922329885007DF5A3 /* QYViewController.h */,
				64FACA7A22329885007DF5A3 /* QYViewController.m */,
				64C58F2721ACEBA100523D6C /* Main.storyboard */,
				64C58F2A21ACEBA100523D6C /* Assets.xcassets */,
				64C58F2C21ACEBA100523D6C /* LaunchScreen.storyboard */,
				64C58F2F21ACEBA100523D6C /* Info.plist */,
				64C58F3021ACEBA100523D6C /* main.m */,
			);
			path = jenkinsTest;
			sourceTree = "<group>";
		};
		64C58F3921ACEBA100523D6C /* jenkinsTestTests */ = {
			isa = PBXGroup;
			children = (
				64C58F3A21ACEBA100523D6C /* jenkinsTestTests.m */,
				64C58F3C21ACEBA100523D6C /* Info.plist */,
			);
			path = jenkinsTestTests;
			sourceTree = "<group>";
		};
		64C58F4421ACEBA100523D6C /* jenkinsTestUITests */ = {
			isa = PBXGroup;
			children = (
				64C58F4521ACEBA100523D6C /* jenkinsTestUITests.m */,
				64C58F4721ACEBA100523D6C /* Info.plist */,
			);
			path = jenkinsTestUITests;
			sourceTree = "<group>";
		};
		E900F09DC2FF3B30251F2AF2 /* Frameworks */ = {
			isa = PBXGroup;
			children = (
				0230428FE2E20E60FA62ED71 /* libPods-jenkinsTest.a */,
			);
			name = Frameworks;
			sourceTree = "<group>";
		};
/* End PBXGroup section */

/* Begin PBXNativeTarget section */
		64C58F1D21ACEBA100523D6C /* jenkinsTest */ = {
			isa = PBXNativeTarget;
			buildConfigurationList = 64C58F4A21ACEBA100523D6C /* Build configuration list for PBXNativeTarget "jenkinsTest" */;
			buildPhases = (
				060FF3C14CC60AE0AE6C4313 /* [CP] Check Pods Manifest.lock */,
				64C58F1A21ACEBA100523D6C /* Sources */,
				64C58F1B21ACEBA100523D6C /* Frameworks */,
				64C58F1C21ACEBA100523D6C /* Resources */,
			);
			buildRules = (
			);
			dependencies = (
			);
			name = jenkinsTest;
			productName = jenkinsTest;
			productReference = 64C58F1E21ACEBA100523D6C /* jenkinsTest.app */;
			productType = "com.apple.product-type.application";
		};
		64C58F3521ACEBA100523D6C /* jenkinsTestTests */ = {
			isa = PBXNativeTarget;
			buildConfigurationList = 64C58F4D21ACEBA100523D6C /* Build configuration list for PBXNativeTarget "jenkinsTestTests" */;
			buildPhases = (
				64C58F3221ACEBA100523D6C /* Sources */,
				64C58F3321ACEBA100523D6C /* Frameworks */,
				64C58F3421ACEBA100523D6C /* Resources */,
			);
			buildRules = (
			);
			dependencies = (
				64C58F3821ACEBA100523D6C /* PBXTargetDependency */,
			);
			name = jenkinsTestTests;
			productName = jenkinsTestTests;
			productReference = 64C58F3621ACEBA100523D6C /* jenkinsTestTests.xctest */;
			productType = "com.apple.product-type.bundle.unit-test";
		};
		64C58F4021ACEBA100523D6C /* jenkinsTestUITests */ = {
			isa = PBXNativeTarget;
			buildConfigurationList = 64C58F5021ACEBA100523D6C /* Build configuration list for PBXNativeTarget "jenkinsTestUITests" */;
			buildPhases = (
				64C58F3D21ACEBA100523D6C /* Sources */,
				64C58F3E21ACEBA100523D6C /* Frameworks */,
				64C58F3F21ACEBA100523D6C /* Resources */,
			);
			buildRules = (
			);
			dependencies = (
				64C58F4321ACEBA100523D6C /* PBXTargetDependency */,
			);
			name = jenkinsTestUITests;
			productName = jenkinsTestUITests;
			productReference = 64C58F4121ACEBA100523D6C /* jenkinsTestUITests.xctest */;
			productType = "com.apple.product-type.bundle.ui-testing";
		};
/* End PBXNativeTarget section */

/* Begin PBXProject section */
		64C58F1621ACEBA100523D6C /* Project object */ = {
			isa = PBXProject;
			attributes = {
				LastUpgradeCheck = 0900;
				ORGANIZATIONNAME = guoqingyang;
				TargetAttributes = {
					64C58F1D21ACEBA100523D6C = {
						CreatedOnToolsVersion = 9.0;
						ProvisioningStyle = Manual;
					};
					64C58F3521ACEBA100523D6C = {
						CreatedOnToolsVersion = 9.0;
						ProvisioningStyle = Automatic;
						TestTargetID = 64C58F1D21ACEBA100523D6C;
					};
					64C58F4021ACEBA100523D6C = {
						CreatedOnToolsVersion = 9.0;
						ProvisioningStyle = Automatic;
						TestTargetID = 64C58F1D21ACEBA100523D6C;
					};
				};
			};
			buildConfigurationList = 64C58F1921ACEBA100523D6C /* Build configuration list for PBXProject "jenkinsTest" */;
			compatibilityVersion = "Xcode 8.0";
			developmentRegion = en;
			hasScannedForEncodings = 0;
			knownRegions = (
				en,
				Base,
			);
			mainGroup = 64C58F1521ACEBA100523D6C;
			productRefGroup = 64C58F1F21ACEBA100523D6C /* Products */;
			projectDirPath = "";
			projectRoot = "";
			targets = (
				64C58F1D21ACEBA100523D6C /* jenkinsTest */,
				64C58F3521ACEBA100523D6C /* jenkinsTestTests */,
				64C58F4021ACEBA100523D6C /* jenkinsTestUITests */,
			);
		};
/* End PBXProject section */

/* Begin PBXResourcesBuildPhase section */
		64C58F1C21ACEBA100523D6C /* Resources */ = {
			isa = PBXResourcesBuildPhase;
			buildActionMask = 2147483647;
			files = (
				64C58F2E21ACEBA100523D6C /* LaunchScreen.storyboard in Resources */,
				64C58F2B21ACEBA100523D6C /* Assets.xcassets in Resources */,
				64C58F2921ACEBA100523D6C /* Main.storyboard in Resources */,
			);
			runOnlyForDeploymentPostprocessing = 0;
		};
		64C58F3421ACEBA100523D6C /* Resources */ = {
			isa = PBXResourcesBuildPhase;
			buildActionMask = 2147483647;
			files = (
			);
			runOnlyForDeploymentPostprocessing = 0;
		};
		64C58F3F21ACEBA100523D6C /* Resources */ = {
			isa = PBXResourcesBuildPhase;
			buildActionMask = 2147483647;
			files = (
			);
			runOnlyForDeploymentPostprocessing = 0;
		};
/* End PBXResourcesBuildPhase section */

/* Begin PBXShellScriptBuildPhase section */
		060FF3C14CC60AE0AE6C4313 /* [CP] Check Pods Manifest.lock */ = {
			isa = PBXShellScriptBuildPhase;
			buildActionMask = 2147483647;
			files = (
			);
			inputPaths = (
				"${PODS_PODFILE_DIR_PATH}/Podfile.lock",
				"${PODS_ROOT}/Manifest.lock",
			);
			name = "[CP] Check Pods Manifest.lock";
			outputPaths = (
				"$(DERIVED_FILE_DIR)/Pods-jenkinsTest-checkManifestLockResult.txt",
			);
			runOnlyForDeploymentPostprocessing = 0;
			shellPath = /bin/sh;
			shellScript = "diff \"${PODS_PODFILE_DIR_PATH}/Podfile.lock\" \"${PODS_ROOT}/Manifest.lock\" > /dev/null\nif [ $? != 0 ] ; then\n    # print error to STDERR\n    echo \"error: The sandbox is not in sync with the Podfile.lock. Run 'pod install' or update your CocoaPods installation.\" >&2\n    exit 1\nfi\n# This output is used by Xcode 'outputs' to avoid re-running this script phase.\necho \"SUCCESS\" > \"${SCRIPT_OUTPUT_FILE_0}\"\n";
			showEnvVarsInLog = 0;
		};
/* End PBXShellScriptBuildPhase section */

/* Begin PBXSourcesBuildPhase section */
		64C58F1A21ACEBA100523D6C /* Sources */ = {
			isa = PBXSourcesBuildPhase;
			buildActionMask = 2147483647;
			files = (
				64C58F2621ACEBA100523D6C /* ViewController.m in Sources */,
				64C58F3121ACEBA100523D6C /* main.m in Sources */,
				64FACA7B22329885007DF5A3 /* QYViewController.m in Sources */,
				64C58F2321ACEBA100523D6C /* AppDelegate.m in Sources */,
			);
			runOnlyForDeploymentPostprocessing = 0;
		};
		64C58F3221ACEBA100523D6C /* Sources */ = {
			isa = PBXSourcesBuildPhase;
			buildActionMask = 2147483647;
			files = (
				64C58F3B21ACEBA100523D6C /* jenkinsTestTests.m in Sources */,
			);
			runOnlyForDeploymentPostprocessing = 0;
		};
		64C58F3D21ACEBA100523D6C /* Sources */ = {
			isa = PBXSourcesBuildPhase;
			buildActionMask = 2147483647;
			files = (
				64C58F4621ACEBA100523D6C /* jenkinsTestUITests.m in Sources */,
			);
			runOnlyForDeploymentPostprocessing = 0;
		};
/* End PBXSourcesBuildPhase section */

/* Begin PBXTargetDependency section */
		64C58F3821ACEBA100523D6C /* PBXTargetDependency */ = {
			isa = PBXTargetDependency;
			target = 64C58F1D21ACEBA100523D6C /* jenkinsTest */;
			targetProxy = 64C58F3721ACEBA100523D6C /* PBXContainerItemProxy */;
		};
		64C58F4321ACEBA100523D6C /* PBXTargetDependency */ = {
			isa = PBXTargetDependency;
			target = 64C58F1D21ACEBA100523D6C /* jenkinsTest */;
			targetProxy = 64C58F4221ACEBA100523D6C /* PBXContainerItemProxy */;
		};
/* End PBXTargetDependency section */

/* Begin PBXVariantGroup section */
		64C58F2721ACEBA100523D6C /* Main.storyboard */ = {
			isa = PBXVariantGroup;
			children = (
				64C58F2821ACEBA100523D6C /* Base */,
			);
			name = Main.storyboard;
			sourceTree = "<group>";
		};
		64C58F2C21ACEBA100523D6C /* LaunchScreen.storyboard */ = {
			isa = PBXVariantGroup;
			children = (
				64C58F2D21ACEBA100523D6C /* Base */,
			);
			name = LaunchScreen.storyboard;
			sourceTree = "<group>";
		};
/* End PBXVariantGroup section */

/* Begin XCBuildConfiguration section */
		64C58F4821ACEBA100523D6C /* Debug */ = {
			isa = XCBuildConfiguration;
			buildSettings = {
				ALWAYS_SEARCH_USER_PATHS = NO;
				CLANG_ANALYZER_NONNULL = YES;
				CLANG_ANALYZER_NUMBER_OBJECT_CONVERSION = YES_AGGRESSIVE;
				CLANG_CXX_LANGUAGE_STANDARD = "gnu++14";
				CLANG_CXX_LIBRARY = "libc++";
				CLANG_ENABLE_MODULES = YES;
				CLANG_ENABLE_OBJC_ARC = YES;
				CLANG_WARN_BLOCK_CAPTURE_AUTORELEASING = YES;
				CLANG_WARN_BOOL_CONVERSION = YES;
				CLANG_WARN_COMMA = YES;
				CLANG_WARN_CONSTANT_CONVERSION = YES;
				CLANG_WARN_DIRECT_OBJC_ISA_USAGE = YES_ERROR;
				CLANG_WARN_DOCUMENTATION_COMMENTS = YES;
				CLANG_WARN_EMPTY_BODY = YES;
				CLANG_WARN_ENUM_CONVERSION = YES;
				CLANG_WARN_INFINITE_RECURSION = YES;
				CLANG_WARN_INT_CONVERSION = YES;
				CLANG_WARN_NON_LITERAL_NULL_CONVERSION = YES;
				CLANG_WARN_OBJC_LITERAL_CONVERSION = YES;
				CLANG_WARN_OBJC_ROOT_CLASS = YES_ERROR;
				CLANG_WARN_RANGE_LOOP_ANALYSIS = YES;
				CLANG_WARN_STRICT_PROTOTYPES = YES;
				CLANG_WARN_SUSPICIOUS_MOVE = YES;
				CLANG_WARN_UNGUARDED_AVAILABILITY = YES_AGGRESSIVE;
				CLANG_WARN_UNREACHABLE_CODE = YES;
				CLANG_WARN__DUPLICATE_METHOD_MATCH = YES;
				CODE_SIGN_IDENTITY = "iPhone Developer";
				COPY_PHASE_STRIP = NO;
				DEBUG_INFORMATION_FORMAT = dwarf;
				ENABLE_STRICT_OBJC_MSGSEND = YES;
				ENABLE_TESTABILITY = YES;
				GCC_C_LANGUAGE_STANDARD = gnu11;
				GCC_DYNAMIC_NO_PIC = NO;
				GCC_NO_COMMON_BLOCKS = YES;
				GCC_OPTIMIZATION_LEVEL = 0;
				GCC_PREPROCESSOR_DEFINITIONS = (
					"DEBUG=1",
					"$(inherited)",
				);
				GCC_WARN_64_TO_32_BIT_CONVERSION = YES;
				GCC_WARN_ABOUT_RETURN_TYPE = YES_ERROR;
				GCC_WARN_UNDECLARED_SELECTOR = YES;
				GCC_WARN_UNINITIALIZED_AUTOS = YES_AGGRESSIVE;
				GCC_WARN_UNUSED_FUNCTION = YES;
				GCC_WARN_UNUSED_VARIABLE = YES;
				IPHONEOS_DEPLOYMENT_TARGET = 11.0;
				MTL_ENABLE_DEBUG_INFO = YES;
				ONLY_ACTIVE_ARCH = YES;
				SDKROOT = iphoneos;
			};
			name = Debug;
		};
		64C58F4921ACEBA100523D6C /* Release */ = {
			isa = XCBuildConfiguration;
			buildSettings = {
				ALWAYS_SEARCH_USER_PATHS = NO;
				CLANG_ANALYZER_NONNULL = YES;
				CLANG_ANALYZER_NUMBER_OBJECT_CONVERSION = YES_AGGRESSIVE;
				CLANG_CXX_LANGUAGE_STANDARD = "gnu++14";
				CLANG_CXX_LIBRARY = "libc++";
				CLANG_ENABLE_MODULES = YES;
				CLANG_ENABLE_OBJC_ARC = YES;
				CLANG_WARN_BLOCK_CAPTURE_AUTORELEASING = YES;
				CLANG_WARN_BOOL_CONVERSION = YES;
				CLANG_WARN_COMMA = YES;
				CLANG_WARN_CONSTANT_CONVERSION = YES;
				CLANG_WARN_DIRECT_OBJC_ISA_USAGE = YES_ERROR;
				CLANG_WARN_DOCUMENTATION_COMMENTS = YES;
				CLANG_WARN_EMPTY_BODY = YES;
				CLANG_WARN_ENUM_CONVERSION = YES;
				CLANG_WARN_INFINITE_RECURSION = YES;
				CLANG_WARN_INT_CONVERSION = YES;
				CLANG_WARN_NON_LITERAL_NULL_CONVERSION = YES;
				CLANG_WARN_OBJC_LITERAL_CONVERSION = YES;
				CLANG_WARN_OBJC_ROOT_CLASS = YES_ERROR;
				CLANG_WARN_RANGE_LOOP_ANALYSIS = YES;
				CLANG_WARN_STRICT_PROTOTYPES = YES;
				CLANG_WARN_SUSPICIOUS_MOVE = YES;
				CLANG_WARN_UNGUARDED_AVAILABILITY = YES_AGGRESSIVE;
				CLANG_WARN_UNREACHABLE_CODE = YES;
				CLANG_WARN__DUPLICATE_METHOD_MATCH = YES;
				CODE_SIGN_IDENTITY = "iPhone Developer";
				COPY_PHASE_STRIP = NO;
				DEBUG_INFORMATION_FORMAT = "dwarf-with-dsym";
				ENABLE_NS_ASSERTIONS = NO;
				ENABLE_STRICT_OBJC_MSGSEND = YES;
				GCC_C_LANGUAGE_STANDARD = gnu11;
				GCC_NO_COMMON_BLOCKS = YES;
				GCC_WARN_64_TO_32_BIT_CONVERSION = YES;
				GCC_WARN_ABOUT_RETURN_TYPE = YES_ERROR;
				GCC_WARN_UNDECLARED_SELECTOR = YES;
				GCC_WARN_UNINITIALIZED_AUTOS = YES_AGGRESSIVE;
				GCC_WARN_UNUSED_FUNCTION = YES;
				GCC_WARN_UNUSED_VARIABLE = YES;
				IPHONEOS_DEPLOYMENT_TARGET = 11.0;
				MTL_ENABLE_DEBUG_INFO = NO;
				SDKROOT = iphoneos;
				VALIDATE_PRODUCT = YES;
			};
			name = Release;
		};
		64C58F4B21ACEBA100523D6C /* Debug */ = {
			isa = XCBuildConfiguration;
			baseConfigurationReference = 10769F20A6D0BF256F339206 /* Pods-jenkinsTest.debug.xcconfig */;
			buildSettings = {
				ASSETCATALOG_COMPILER_APPICON_NAME = AppIcon;
				CODE_SIGN_IDENTITY = "iPhone Distribution: LONCH GROUP";
				"CODE_SIGN_IDENTITY[sdk=iphoneos*]" = "iPhone Distribution: LONCH GROUP";
				CODE_SIGN_STYLE = Manual;
				DEVELOPMENT_TEAM = TPXMNBN2HM;
				INFOPLIST_FILE = jenkinsTest/Info.plist;
				IPHONEOS_DEPLOYMENT_TARGET = 8.0;
				LD_RUNPATH_SEARCH_PATHS = "$(inherited) @executable_path/Frameworks";
				PRODUCT_BUNDLE_IDENTIFIER = com.lonch.CloudOffice.Trial;
				PRODUCT_NAME = "$(TARGET_NAME)";
				PROVISIONING_PROFILE = "398d822f-5c40-4cc4-bc94-ba847a021baa";
				PROVISIONING_PROFILE_SPECIFIER = CouldOffice_Profile_InHouse_New;
				TARGETED_DEVICE_FAMILY = "1,2";
			};
			name = Debug;
		};
		64C58F4C21ACEBA100523D6C /* Release */ = {
			isa = XCBuildConfiguration;
			baseConfigurationReference = 8C53424838E8891A0407DE2B /* Pods-jenkinsTest.release.xcconfig */;
			buildSettings = {
				ASSETCATALOG_COMPILER_APPICON_NAME = AppIcon;
				CODE_SIGN_IDENTITY = "iPhone Distribution: LONCH GROUP";
				"CODE_SIGN_IDENTITY[sdk=iphoneos*]" = "iPhone Distribution: LONCH GROUP";
				CODE_SIGN_STYLE = Manual;
				DEVELOPMENT_TEAM = TPXMNBN2HM;
				INFOPLIST_FILE = jenkinsTest/Info.plist;
				IPHONEOS_DEPLOYMENT_TARGET = 8.0;
				LD_RUNPATH_SEARCH_PATHS = "$(inherited) @executable_path/Frameworks";
				PRODUCT_BUNDLE_IDENTIFIER = com.lonch.CloudOffice.Trial;
				PRODUCT_NAME = "$(TARGET_NAME)";
				PROVISIONING_PROFILE = "398d822f-5c40-4cc4-bc94-ba847a021baa";
				PROVISIONING_PROFILE_SPECIFIER = CouldOffice_Profile_InHouse_New;
				TARGETED_DEVICE_FAMILY = "1,2";
			};
			name = Release;
		};
		64C58F4E21ACEBA100523D6C /* Debug */ = {
			isa = XCBuildConfiguration;
			buildSettings = {
				BUNDLE_LOADER = "$(TEST_HOST)";
				CODE_SIGN_STYLE = Automatic;
				INFOPLIST_FILE = jenkinsTestTests/Info.plist;
				LD_RUNPATH_SEARCH_PATHS = "$(inherited) @executable_path/Frameworks @loader_path/Frameworks";
				PRODUCT_BUNDLE_IDENTIFIER = lc.jenkinsTestTests;
				PRODUCT_NAME = "$(TARGET_NAME)";
				TARGETED_DEVICE_FAMILY = "1,2";
				TEST_HOST = "$(BUILT_PRODUCTS_DIR)/jenkinsTest.app/jenkinsTest";
			};
			name = Debug;
		};
		64C58F4F21ACEBA100523D6C /* Release */ = {
			isa = XCBuildConfiguration;
			buildSettings = {
				BUNDLE_LOADER = "$(TEST_HOST)";
				CODE_SIGN_STYLE = Automatic;
				INFOPLIST_FILE = jenkinsTestTests/Info.plist;
				LD_RUNPATH_SEARCH_PATHS = "$(inherited) @executable_path/Frameworks @loader_path/Frameworks";
				PRODUCT_BUNDLE_IDENTIFIER = lc.jenkinsTestTests;
				PRODUCT_NAME = "$(TARGET_NAME)";
				TARGETED_DEVICE_FAMILY = "1,2";
				TEST_HOST = "$(BUILT_PRODUCTS_DIR)/jenkinsTest.app/jenkinsTest";
			};
			name = Release;
		};
		64C58F5121ACEBA100523D6C /* Debug */ = {
			isa = XCBuildConfiguration;
			buildSettings = {
				CODE_SIGN_STYLE = Automatic;
				INFOPLIST_FILE = jenkinsTestUITests/Info.plist;
				LD_RUNPATH_SEARCH_PATHS = "$(inherited) @executable_path/Frameworks @loader_path/Frameworks";
				PRODUCT_BUNDLE_IDENTIFIER = lc.jenkinsTestUITests;
				PRODUCT_NAME = "$(TARGET_NAME)";
				TARGETED_DEVICE_FAMILY = "1,2";
				TEST_TARGET_NAME = jenkinsTest;
			};
			name = Debug;
		};
		64C58F5221ACEBA100523D6C /* Release */ = {
			isa = XCBuildConfiguration;
			buildSettings = {
				CODE_SIGN_STYLE = Automatic;
				INFOPLIST_FILE = jenkinsTestUITests/Info.plist;
				LD_RUNPATH_SEARCH_PATHS = "$(inherited) @executable_path/Frameworks @loader_path/Frameworks";
				PRODUCT_BUNDLE_IDENTIFIER = lc.jenkinsTestUITests;
				PRODUCT_NAME = "$(TARGET_NAME)";
				TARGETED_DEVICE_FAMILY = "1,2";
				TEST_TARGET_NAME = jenkinsTest;
			};
			name = Release;
		};
/* End XCBuildConfiguration section */

/* Begin XCConfigurationList section */
		64C58F1921ACEBA100523D6C /* Build configuration list for PBXProject "jenkinsTest" */ = {
			isa = XCConfigurationList;
			buildConfigurations = (
				64C58F4821ACEBA100523D6C /* Debug */,
				64C58F4921ACEBA100523D6C /* Release */,
			);
			defaultConfigurationIsVisible = 0;
			defaultConfigurationName = Release;
		};
		64C58F4A21ACEBA100523D6C /* Build configuration list for PBXNativeTarget "jenkinsTest" */ = {
			isa = XCConfigurationList;
			buildConfigurations = (
				64C58F4B21ACEBA100523D6C /* Debug */,
				64C58F4C21ACEBA100523D6C /* Release */,
			);
			defaultConfigurationIsVisible = 0;
			defaultConfigurationName = Release;
		};
		64C58F4D21ACEBA100523D6C /* Build configuration list for PBXNativeTarget "jenkinsTestTests" */ = {
			isa = XCConfigurationList;
			buildConfigurations = (
				64C58F4E21ACEBA100523D6C /* Debug */,
				64C58F4F21ACEBA100523D6C /* Release */,
			);
			defaultConfigurationIsVisible = 0;
			defaultConfigurationName = Release;
		};
		64C58F5021ACEBA100523D6C /* Build configuration list for PBXNativeTarget "jenkinsTestUITests" */ = {
			isa = XCConfigurationList;
			buildConfigurations = (
				64C58F5121ACEBA100523D6C /* Debug */,
				64C58F5221ACEBA100523D6C /* Release */,
			);
			defaultConfigurationIsVisible = 0;
			defaultConfigurationName = Release;
		};
/* End XCConfigurationList section */
	};
	rootObject = 64C58F1621ACEBA100523D6C /* Project object */;
}
